
Microsoft Visual Studio Solution File, Format Version 12.00
# Visual Studio Version 16
VisualStudioVersion = 16.0.32428.217
MinimumVisualStudioVersion = 10.0.40219.1
Project("{FAE04EC0-301F-11D3-BF4B-00C04F79EFBC}") = "Prova4Djalma", "Prova4Djalma\Prova4Djalma.csproj", "{22ACC0E6-E58F-4520-A324-A8B676935467}"
EndProject
Global
	GlobalSection(SolutionConfigurationPlatforms) = preSolution
		Debug|Any CPU = Debug|Any CPU
		Release|Any CPU = Release|Any CPU
	EndGlobalSection
	GlobalSection(ProjectConfigurationPlatforms) = postSolution
		{22ACC0E6-E58F-4520-A324-A8B676935467}.Debug|Any CPU.ActiveCfg = Debug|Any CPU
		{22ACC0E6-E58F-4520-A324-A8B676935467}.Debug|Any CPU.Build.0 = Debug|Any CPU
		{22ACC0E6-E58F-4520-A324-A8B676935467}.Release|Any CPU.ActiveCfg = Release|Any CPU
		{22ACC0E6-E58F-4520-A324-A8B676935467}.Release|Any CPU.Build.0 = Release|Any CPU
	EndGlobalSection
	GlobalSection(SolutionProperties) = preSolution
		HideSolutionNode = FALSE
	EndGlobalSection
	GlobalSection(ExtensibilityGlobals) = postSolution
		SolutionGuid = {B9831905-5CEF-4426-8564-222068C5DCAA}
	EndGlobalSection
EndGlobal
